Microsoft Visual Studio Solution File, Format Version 12.00
# Visual Studio Version 17
VisualStudioVersion = 17.11.35327.3
MinimumVisualStudioVersion = 10.0.40219.1
Project("{2150E333-8FDC-42A3-9474-1A3956D46DE8}") = "Services", "Services", "{2B67FFA7-AD9B-4FE3-965B-44E02CA221D2}"
EndProject
Project("{2150E333-8FDC-42A3-9474-1A3956D46DE8}") = "BuildingBlocks", "BuildingBlocks", "{ECA61A73-EAA1-450E-A4FC-7F4767032373}"
EndProject
Project("{2150E333-8FDC-42A3-9474-1A3956D46DE8}") = "Components", "Components", "{20824EF5-3F1B-402E-B2C9-478D3EECD7A0}"
EndProject
Project("{2150E333-8FDC-42A3-9474-1A3956D46DE8}") = "Host", "Host", "{2405120B-3079-4A28-A2D6-9A4C37A6087E}"
EndProject
Project("{2150E333-8FDC-42A3-9474-1A3956D46DE8}") = "Category", "Category", "{33F53D7D-4B84-40EB-A25F-510D17248C66}"
EndProject
Project("{2150E333-8FDC-42A3-9474-1A3956D46DE8}") = "Post", "Post", "{9A0C4A55-1A47-4B71-82B4-22C0D12188B1}"
EndProject
Project("{2150E333-8FDC-42A3-9474-1A3956D46DE8}") = "Comment", "Comment", "{B18D4A0F-13D9-415F-8409-B51804C77D68}"
EndProject
Project("{2150E333-8FDC-42A3-9474-1A3956D46DE8}") = "Like", "Like", "{7D5D0FC8-56EA-43DD-B960-95DBD895AB82}"
EndProject
Project("{2150E333-8FDC-42A3-9474-1A3956D46DE8}") = "Notification", "Notification", "{7A80DEA7-14E2-4C77-8225-8D5E67D3EC24}"
EndProject
Project("{9A19103F-16F7-4668-BE54-9A1E7A4F7556}") = "EventBus", "src\BuildingBlocks\EventBus\EventBus.csproj", "{5006858B-0431-4446-A888-0A9C4A4DB682}"
EndProject
Project("{9A19103F-16F7-4668-BE54-9A1E7A4F7556}") = "Shared", "src\BuildingBlocks\Shared\Shared.csproj", "{A0D94C1D-0BC7-4F40-B81A-52FF2DEEFEE4}"
EndProject
Project("{9A19103F-16F7-4668-BE54-9A1E7A4F7556}") = "SocialNetwork.ServiceDefaults", "src\BuildingBlocks\SocialNetwork.ServiceDefaults\SocialNetwork.ServiceDefaults.csproj", "{23DADFED-8D17-467B-B972-CBE692C86BF6}"
EndProject
Project("{9A19103F-16F7-4668-BE54-9A1E7A4F7556}") = "EventBusKafka", "src\Components\EventBusKafka\EventBusKafka.csproj", "{0E42A28C-6CB6-4521-9A26-40DAA3031656}"
EndProject
Project("{9A19103F-16F7-4668-BE54-9A1E7A4F7556}") = "ApiGateway", "src\Host\ApiGateway\ApiGateway.csproj", "{BCB2C1E3-BEC0-4588-87DD-ED7A75CA9ACB}"
EndProject
Project("{9A19103F-16F7-4668-BE54-9A1E7A4F7556}") = "SocialNetwork.AppHost", "src\Host\SocialNetwork.AppHost\SocialNetwork.AppHost.csproj", "{02FA09C1-978D-4E50-986B-27EC1B91838B}"
EndProject
Project("{9A19103F-16F7-4668-BE54-9A1E7A4F7556}") = "Category.API", "src\Services\Category\Category.API\Category.API.csproj", "{4F896F86-C613-4AA0-ACE4-DE7794A17F5F}"
EndProject
Project("{9A19103F-16F7-4668-BE54-9A1E7A4F7556}") = "Comment.API", "src\Services\Comment\Comment.API\Comment.API.csproj", "{F92E02C0-1872-4595-B9C6-4B4F8E1D9232}"
EndProject
Project("{9A19103F-16F7-4668-BE54-9A1E7A4F7556}") = "Like.API", "src\Services\Like\Like.API\Like.API.csproj", "{09D5119E-E3DA-4E20-9D5C-2C176BCA3976}"
EndProject
Project("{9A19103F-16F7-4668-BE54-9A1E7A4F7556}") = "Notification.API", "src\Services\Notification\Notification.API\Notification.API.csproj", "{D95A84C5-937C-4C01-9CF7-CF434A20F61D}"
EndProject
Project("{9A19103F-16F7-4668-BE54-9A1E7A4F7556}") = "Post.API", "src\Services\Post\Post.API\Post.API.csproj", "{1D62449E-7588-4339-8C2A-54D8E730C94B}"
EndProject
Project("{9A19103F-16F7-4668-BE54-9A1E7A4F7556}") = "Post.Domain", "src\Services\Post\Post.Domain\Post.Domain.csproj", "{B736B175-7464-4007-BAFD-C132D9BEFD61}"
EndProject
Project("{9A19103F-16F7-4668-BE54-9A1E7A4F7556}") = "Post.Infrastructure", "src\Services\Post\Post.Infrastructure\Post.Infrastructure.csproj", "{3B0BE83B-6132-4A66-AA1E-C8A57EA5E699}"
EndProject
Project("{9A19103F-16F7-4668-BE54-9A1E7A4F7556}") = "Post.Application", "src\Services\Post\Post.Application\Post.Application.csproj", "{5F7746B6-6399-4A5B-830E-807B628CF08C}"
EndProject
Project("{9A19103F-16F7-4668-BE54-9A1E7A4F7556}") = "Post.Presentation", "src\Services\Post\Post.Presentation\Post.Presentation.csproj", "{47521C7F-2102-4E92-8D7D-312548393531}"
EndProject
Project("{54A90642-561A-4BB1-A94E-469ADEE60C69}") = "webapp.client", "src\webapp.client\webapp.client.esproj", "{FD6F1AC1-49ED-4FD6-848E-0B7C833801AB}"
EndProject
Project("{2150E333-8FDC-42A3-9474-1A3956D46DE8}") = "Etc", "Etc", "{639B680A-6E16-4B66-B536-11991A1CD4DF}"
EndProject
Project("{2150E333-8FDC-42A3-9474-1A3956D46DE8}") = "Docs", "Docs", "{FB14C7D6-C17D-4659-83EC-7CD7B9E97B1C}"
	ProjectSection(SolutionItems) = preProject
		README.md = README.md
	EndProjectSection
EndProject
Project("{FAE04EC0-301F-11D3-BF4B-00C04F79EFBC}") = "Application", "src\BuildingBlocks\Application\Application.csproj", "{B66C7D39-5E49-4151-B956-88DFEA5D5B5F}"
EndProject
Project("{FAE04EC0-301F-11D3-BF4B-00C04F79EFBC}") = "Persistence", "src\BuildingBlocks\Persistence\Persistence.csproj", "{F08AD55D-4383-4E41-8DD9-D6A9DA932F61}"
EndProject
Project("{FAE04EC0-301F-11D3-BF4B-00C04F79EFBC}") = "Domain", "src\BuildingBlocks\Domain\Domain.csproj", "{16C74E15-9051-453F-B755-F64A81CCE491}"
EndProject
Global
	GlobalSection(SolutionConfigurationPlatforms) = preSolution
		Debug|Any CPU = Debug|Any CPU
		Release|Any CPU = Release|Any CPU
	EndGlobalSection
	GlobalSection(ProjectConfigurationPlatforms) = postSolution
		{5006858B-0431-4446-A888-0A9C4A4DB682}.Debug|Any CPU.ActiveCfg = Debug|Any CPU
		{5006858B-0431-4446-A888-0A9C4A4DB682}.Debug|Any CPU.Build.0 = Debug|Any CPU
		{5006858B-0431-4446-A888-0A9C4A4DB682}.Release|Any CPU.ActiveCfg = Release|Any CPU
		{5006858B-0431-4446-A888-0A9C4A4DB682}.Release|Any CPU.Build.0 = Release|Any CPU
		{A0D94C1D-0BC7-4F40-B81A-52FF2DEEFEE4}.Debug|Any CPU.ActiveCfg = Debug|Any CPU
		{A0D94C1D-0BC7-4F40-B81A-52FF2DEEFEE4}.Debug|Any CPU.Build.0 = Debug|Any CPU
		{A0D94C1D-0BC7-4F40-B81A-52FF2DEEFEE4}.Release|Any CPU.ActiveCfg = Release|Any CPU
		{A0D94C1D-0BC7-4F40-B81A-52FF2DEEFEE4}.Release|Any CPU.Build.0 = Release|Any CPU
		{23DADFED-8D17-467B-B972-CBE692C86BF6}.Debug|Any CPU.ActiveCfg = Debug|Any CPU
		{23DADFED-8D17-467B-B972-CBE692C86BF6}.Debug|Any CPU.Build.0 = Debug|Any CPU
		{23DADFED-8D17-467B-B972-CBE692C86BF6}.Release|Any CPU.ActiveCfg = Release|Any CPU
		{23DADFED-8D17-467B-B972-CBE692C86BF6}.Release|Any CPU.Build.0 = Release|Any CPU
		{0E42A28C-6CB6-4521-9A26-40DAA3031656}.Debug|Any CPU.ActiveCfg = Debug|Any CPU
		{0E42A28C-6CB6-4521-9A26-40DAA3031656}.Debug|Any CPU.Build.0 = Debug|Any CPU
		{0E42A28C-6CB6-4521-9A26-40DAA3031656}.Release|Any CPU.ActiveCfg = Release|Any CPU
		{0E42A28C-6CB6-4521-9A26-40DAA3031656}.Release|Any CPU.Build.0 = Release|Any CPU
		{BCB2C1E3-BEC0-4588-87DD-ED7A75CA9ACB}.Debug|Any CPU.ActiveCfg = Debug|Any CPU
		{BCB2C1E3-BEC0-4588-87DD-ED7A75CA9ACB}.Debug|Any CPU.Build.0 = Debug|Any CPU
		{BCB2C1E3-BEC0-4588-87DD-ED7A75CA9ACB}.Release|Any CPU.ActiveCfg = Release|Any CPU
		{BCB2C1E3-BEC0-4588-87DD-ED7A75CA9ACB}.Release|Any CPU.Build.0 = Release|Any CPU
		{02FA09C1-978D-4E50-986B-27EC1B91838B}.Debug|Any CPU.ActiveCfg = Debug|Any CPU
		{02FA09C1-978D-4E50-986B-27EC1B91838B}.Debug|Any CPU.Build.0 = Debug|Any CPU
		{02FA09C1-978D-4E50-986B-27EC1B91838B}.Release|Any CPU.ActiveCfg = Release|Any CPU
		{02FA09C1-978D-4E50-986B-27EC1B91838B}.Release|Any CPU.Build.0 = Release|Any CPU
		{4F896F86-C613-4AA0-ACE4-DE7794A17F5F}.Debug|Any CPU.ActiveCfg = Debug|Any CPU
		{4F896F86-C613-4AA0-ACE4-DE7794A17F5F}.Debug|Any CPU.Build.0 = Debug|Any CPU
		{4F896F86-C613-4AA0-ACE4-DE7794A17F5F}.Release|Any CPU.ActiveCfg = Release|Any CPU
		{4F896F86-C613-4AA0-ACE4-DE7794A17F5F}.Release|Any CPU.Build.0 = Release|Any CPU
		{F92E02C0-1872-4595-B9C6-4B4F8E1D9232}.Debug|Any CPU.ActiveCfg = Debug|Any CPU
		{F92E02C0-1872-4595-B9C6-4B4F8E1D9232}.Debug|Any CPU.Build.0 = Debug|Any CPU
		{F92E02C0-1872-4595-B9C6-4B4F8E1D9232}.Release|Any CPU.ActiveCfg = Release|Any CPU
		{F92E02C0-1872-4595-B9C6-4B4F8E1D9232}.Release|Any CPU.Build.0 = Release|Any CPU
		{09D5119E-E3DA-4E20-9D5C-2C176BCA3976}.Debug|Any CPU.ActiveCfg = Debug|Any CPU
		{09D5119E-E3DA-4E20-9D5C-2C176BCA3976}.Debug|Any CPU.Build.0 = Debug|Any CPU
		{09D5119E-E3DA-4E20-9D5C-2C176BCA3976}.Release|Any CPU.ActiveCfg = Release|Any CPU
		{09D5119E-E3DA-4E20-9D5C-2C176BCA3976}.Release|Any CPU.Build.0 = Release|Any CPU
		{D95A84C5-937C-4C01-9CF7-CF434A20F61D}.Debug|Any CPU.ActiveCfg = Debug|Any CPU
		{D95A84C5-937C-4C01-9CF7-CF434A20F61D}.Debug|Any CPU.Build.0 = Debug|Any CPU
		{D95A84C5-937C-4C01-9CF7-CF434A20F61D}.Release|Any CPU.ActiveCfg = Release|Any CPU
		{D95A84C5-937C-4C01-9CF7-CF434A20F61D}.Release|Any CPU.Build.0 = Release|Any CPU
		{1D62449E-7588-4339-8C2A-54D8E730C94B}.Debug|Any CPU.ActiveCfg = Debug|Any CPU
		{1D62449E-7588-4339-8C2A-54D8E730C94B}.Debug|Any CPU.Build.0 = Debug|Any CPU
		{1D62449E-7588-4339-8C2A-54D8E730C94B}.Release|Any CPU.ActiveCfg = Release|Any CPU
		{1D62449E-7588-4339-8C2A-54D8E730C94B}.Release|Any CPU.Build.0 = Release|Any CPU
		{B736B175-7464-4007-BAFD-C132D9BEFD61}.Debug|Any CPU.ActiveCfg = Debug|Any CPU
		{B736B175-7464-4007-BAFD-C132D9BEFD61}.Debug|Any CPU.Build.0 = Debug|Any CPU
		{B736B175-7464-4007-BAFD-C132D9BEFD61}.Release|Any CPU.ActiveCfg = Release|Any CPU
		{B736B175-7464-4007-BAFD-C132D9BEFD61}.Release|Any CPU.Build.0 = Release|Any CPU
		{3B0BE83B-6132-4A66-AA1E-C8A57EA5E699}.Debug|Any CPU.ActiveCfg = Debug|Any CPU
		{3B0BE83B-6132-4A66-AA1E-C8A57EA5E699}.Debug|Any CPU.Build.0 = Debug|Any CPU
		{3B0BE83B-6132-4A66-AA1E-C8A57EA5E699}.Release|Any CPU.ActiveCfg = Release|Any CPU
		{3B0BE83B-6132-4A66-AA1E-C8A57EA5E699}.Release|Any CPU.Build.0 = Release|Any CPU
		{5F7746B6-6399-4A5B-830E-807B628CF08C}.Debug|Any CPU.ActiveCfg = Debug|Any CPU
		{5F7746B6-6399-4A5B-830E-807B628CF08C}.Debug|Any CPU.Build.0 = Debug|Any CPU
		{5F7746B6-6399-4A5B-830E-807B628CF08C}.Release|Any CPU.ActiveCfg = Release|Any CPU
		{5F7746B6-6399-4A5B-830E-807B628CF08C}.Release|Any CPU.Build.0 = Release|Any CPU
		{47521C7F-2102-4E92-8D7D-312548393531}.Debug|Any CPU.ActiveCfg = Debug|Any CPU
		{47521C7F-2102-4E92-8D7D-312548393531}.Debug|Any CPU.Build.0 = Debug|Any CPU
		{47521C7F-2102-4E92-8D7D-312548393531}.Release|Any CPU.ActiveCfg = Release|Any CPU
		{47521C7F-2102-4E92-8D7D-312548393531}.Release|Any CPU.Build.0 = Release|Any CPU
		{FD6F1AC1-49ED-4FD6-848E-0B7C833801AB}.Debug|Any CPU.ActiveCfg = Debug|Any CPU
		{FD6F1AC1-49ED-4FD6-848E-0B7C833801AB}.Debug|Any CPU.Build.0 = Debug|Any CPU
		{FD6F1AC1-49ED-4FD6-848E-0B7C833801AB}.Debug|Any CPU.Deploy.0 = Debug|Any CPU
		{FD6F1AC1-49ED-4FD6-848E-0B7C833801AB}.Release|Any CPU.ActiveCfg = Release|Any CPU
		{FD6F1AC1-49ED-4FD6-848E-0B7C833801AB}.Release|Any CPU.Build.0 = Release|Any CPU
		{FD6F1AC1-49ED-4FD6-848E-0B7C833801AB}.Release|Any CPU.Deploy.0 = Release|Any CPU
		{B66C7D39-5E49-4151-B956-88DFEA5D5B5F}.Debug|Any CPU.ActiveCfg = Debug|Any CPU
		{B66C7D39-5E49-4151-B956-88DFEA5D5B5F}.Debug|Any CPU.Build.0 = Debug|Any CPU
		{B66C7D39-5E49-4151-B956-88DFEA5D5B5F}.Release|Any CPU.ActiveCfg = Release|Any CPU
		{B66C7D39-5E49-4151-B956-88DFEA5D5B5F}.Release|Any CPU.Build.0 = Release|Any CPU
		{F08AD55D-4383-4E41-8DD9-D6A9DA932F61}.Debug|Any CPU.ActiveCfg = Debug|Any CPU
		{F08AD55D-4383-4E41-8DD9-D6A9DA932F61}.Debug|Any CPU.Build.0 = Debug|Any CPU
		{F08AD55D-4383-4E41-8DD9-D6A9DA932F61}.Release|Any CPU.ActiveCfg = Release|Any CPU
		{F08AD55D-4383-4E41-8DD9-D6A9DA932F61}.Release|Any CPU.Build.0 = Release|Any CPU
		{16C74E15-9051-453F-B755-F64A81CCE491}.Debug|Any CPU.ActiveCfg = Debug|Any CPU
		{16C74E15-9051-453F-B755-F64A81CCE491}.Debug|Any CPU.Build.0 = Debug|Any CPU
		{16C74E15-9051-453F-B755-F64A81CCE491}.Release|Any CPU.ActiveCfg = Release|Any CPU
		{16C74E15-9051-453F-B755-F64A81CCE491}.Release|Any CPU.Build.0 = Release|Any CPU
	EndGlobalSection
	GlobalSection(SolutionProperties) = preSolution
		HideSolutionNode = FALSE
	EndGlobalSection
	GlobalSection(NestedProjects) = preSolution
		{33F53D7D-4B84-40EB-A25F-510D17248C66} = {2B67FFA7-AD9B-4FE3-965B-44E02CA221D2}
		{9A0C4A55-1A47-4B71-82B4-22C0D12188B1} = {2B67FFA7-AD9B-4FE3-965B-44E02CA221D2}
		{B18D4A0F-13D9-415F-8409-B51804C77D68} = {2B67FFA7-AD9B-4FE3-965B-44E02CA221D2}
		{7D5D0FC8-56EA-43DD-B960-95DBD895AB82} = {2B67FFA7-AD9B-4FE3-965B-44E02CA221D2}
		{7A80DEA7-14E2-4C77-8225-8D5E67D3EC24} = {2B67FFA7-AD9B-4FE3-965B-44E02CA221D2}
		{5006858B-0431-4446-A888-0A9C4A4DB682} = {ECA61A73-EAA1-450E-A4FC-7F4767032373}
		{A0D94C1D-0BC7-4F40-B81A-52FF2DEEFEE4} = {ECA61A73-EAA1-450E-A4FC-7F4767032373}
		{23DADFED-8D17-467B-B972-CBE692C86BF6} = {ECA61A73-EAA1-450E-A4FC-7F4767032373}
		{0E42A28C-6CB6-4521-9A26-40DAA3031656} = {20824EF5-3F1B-402E-B2C9-478D3EECD7A0}
		{BCB2C1E3-BEC0-4588-87DD-ED7A75CA9ACB} = {2405120B-3079-4A28-A2D6-9A4C37A6087E}
		{02FA09C1-978D-4E50-986B-27EC1B91838B} = {2405120B-3079-4A28-A2D6-9A4C37A6087E}
		{4F896F86-C613-4AA0-ACE4-DE7794A17F5F} = {33F53D7D-4B84-40EB-A25F-510D17248C66}
		{F92E02C0-1872-4595-B9C6-4B4F8E1D9232} = {B18D4A0F-13D9-415F-8409-B51804C77D68}
		{09D5119E-E3DA-4E20-9D5C-2C176BCA3976} = {7D5D0FC8-56EA-43DD-B960-95DBD895AB82}
		{D95A84C5-937C-4C01-9CF7-CF434A20F61D} = {7A80DEA7-14E2-4C77-8225-8D5E67D3EC24}
		{1D62449E-7588-4339-8C2A-54D8E730C94B} = {9A0C4A55-1A47-4B71-82B4-22C0D12188B1}
		{B736B175-7464-4007-BAFD-C132D9BEFD61} = {9A0C4A55-1A47-4B71-82B4-22C0D12188B1}
		{3B0BE83B-6132-4A66-AA1E-C8A57EA5E699} = {9A0C4A55-1A47-4B71-82B4-22C0D12188B1}
		{5F7746B6-6399-4A5B-830E-807B628CF08C} = {9A0C4A55-1A47-4B71-82B4-22C0D12188B1}
		{47521C7F-2102-4E92-8D7D-312548393531} = {9A0C4A55-1A47-4B71-82B4-22C0D12188B1}
		{FB14C7D6-C17D-4659-83EC-7CD7B9E97B1C} = {639B680A-6E16-4B66-B536-11991A1CD4DF}
		{B66C7D39-5E49-4151-B956-88DFEA5D5B5F} = {ECA61A73-EAA1-450E-A4FC-7F4767032373}
		{F08AD55D-4383-4E41-8DD9-D6A9DA932F61} = {ECA61A73-EAA1-450E-A4FC-7F4767032373}
		{16C74E15-9051-453F-B755-F64A81CCE491} = {ECA61A73-EAA1-450E-A4FC-7F4767032373}
	EndGlobalSection
	GlobalSection(ExtensibilityGlobals) = postSolution
		SolutionGuid = {D9207FBE-2290-4C9C-9525-B845DA8D594E}
	EndGlobalSection
EndGlobal
