Microsoft Visual Studio Solution File, Format Version 12.00
# Visual Studio Version 17
VisualStudioVersion = 17.11.35327.3
MinimumVisualStudioVersion = 10.0.40219.1
Project("{2150E333-8FDC-42A3-9474-1A3956D46DE8}") = "src", "src", "{5F24F849-3072-45CF-A953-821D0650BE41}"
EndProject
Project("{9A19103F-16F7-4668-BE54-9A1E7A4F7556}") = "SocialNetwork.AppHost", "src\SocialNetwork.AppHost\SocialNetwork.AppHost.csproj", "{A874B232-2CA1-49C7-AA17-D06D4EAEB7E7}"
EndProject
Project("{9A19103F-16F7-4668-BE54-9A1E7A4F7556}") = "SocialNetwork.ServiceDefaults", "src\SocialNetwork.ServiceDefaults\SocialNetwork.ServiceDefaults.csproj", "{E421DE83-A915-48B7-AFB6-D8036970FE1D}"
EndProject
Project("{9A19103F-16F7-4668-BE54-9A1E7A4F7556}") = "Category.API", "src\Category.API\Category.API.csproj", "{EB918A28-F73F-49F4-9DAF-7E12A46D813A}"
EndProject
Project("{9A19103F-16F7-4668-BE54-9A1E7A4F7556}") = "Post.API", "src\Post.API\Post.API.csproj", "{C729957C-0F5A-4597-8350-397A9D228121}"
EndProject
Project("{9A19103F-16F7-4668-BE54-9A1E7A4F7556}") = "Comment.API", "src\Comment.API\Comment.API.csproj", "{B580C00C-B033-4441-926E-337830422D1F}"
EndProject
Project("{9A19103F-16F7-4668-BE54-9A1E7A4F7556}") = "Post.Domain", "src\Post.Domain\Post.Domain.csproj", "{66C7D798-EFBB-441C-9D5C-8FA8C6824BCA}"
EndProject
Project("{9A19103F-16F7-4668-BE54-9A1E7A4F7556}") = "Post.Infrastructure", "src\Post.Infrastructure\Post.Infrastructure.csproj", "{93766B98-58C7-4CAC-957B-064DC1F5C8F8}"
EndProject
Project("{9A19103F-16F7-4668-BE54-9A1E7A4F7556}") = "Notification.API", "src\Notification.API\Notification.API.csproj", "{814C5601-FD15-4D80-8B3D-806511B4FAD3}"
EndProject
Project("{9A19103F-16F7-4668-BE54-9A1E7A4F7556}") = "Like.API", "src\Like.API\Like.API.csproj", "{9BB141E3-EA6D-4A77-844D-FE1D6854B09A}"
EndProject
Project("{9A19103F-16F7-4668-BE54-9A1E7A4F7556}") = "Shared", "src\Shared\Shared.csproj", "{9C3D613B-8C28-45A7-A2BE-AED0DC48A2BB}"
EndProject
Project("{9A19103F-16F7-4668-BE54-9A1E7A4F7556}") = "EventBus", "src\EventBus\EventBus.csproj", "{278B8BDB-9380-4FBE-A7F5-18FABEBA7277}"
EndProject
Project("{9A19103F-16F7-4668-BE54-9A1E7A4F7556}") = "EventBusKafka", "src\EventBusKafka\EventBusKafka.csproj", "{A62BFEA8-786F-4DDD-8A12-8D826735421F}"
EndProject
Project("{9A19103F-16F7-4668-BE54-9A1E7A4F7556}") = "WebApp.Server", "src\WebApp.Server\WebApp.Server.csproj", "{50CC497C-9997-49C5-84C1-C3AA3410E082}"
EndProject
Project("{54A90642-561A-4BB1-A94E-469ADEE60C69}") = "webapp.client", "src\webapp.client\webapp.client.esproj", "{091358EF-DE52-4B2B-9CE3-BA6488C78B76}"
EndProject
Project("{9A19103F-16F7-4668-BE54-9A1E7A4F7556}") = "Identity.API", "src\Identity.API\Identity.API.csproj", "{6967DF79-316B-40A7-87FD-F1C561D02775}"
EndProject
Global
	GlobalSection(SolutionConfigurationPlatforms) = preSolution
		Debug|Any CPU = Debug|Any CPU
		Release|Any CPU = Release|Any CPU
	EndGlobalSection
	GlobalSection(ProjectConfigurationPlatforms) = postSolution
		{A874B232-2CA1-49C7-AA17-D06D4EAEB7E7}.Debug|Any CPU.ActiveCfg = Debug|Any CPU
		{A874B232-2CA1-49C7-AA17-D06D4EAEB7E7}.Debug|Any CPU.Build.0 = Debug|Any CPU
		{A874B232-2CA1-49C7-AA17-D06D4EAEB7E7}.Release|Any CPU.ActiveCfg = Release|Any CPU
		{A874B232-2CA1-49C7-AA17-D06D4EAEB7E7}.Release|Any CPU.Build.0 = Release|Any CPU
		{E421DE83-A915-48B7-AFB6-D8036970FE1D}.Debug|Any CPU.ActiveCfg = Debug|Any CPU
		{E421DE83-A915-48B7-AFB6-D8036970FE1D}.Debug|Any CPU.Build.0 = Debug|Any CPU
		{E421DE83-A915-48B7-AFB6-D8036970FE1D}.Release|Any CPU.ActiveCfg = Release|Any CPU
		{E421DE83-A915-48B7-AFB6-D8036970FE1D}.Release|Any CPU.Build.0 = Release|Any CPU
		{EB918A28-F73F-49F4-9DAF-7E12A46D813A}.Debug|Any CPU.ActiveCfg = Debug|Any CPU
		{EB918A28-F73F-49F4-9DAF-7E12A46D813A}.Debug|Any CPU.Build.0 = Debug|Any CPU
		{EB918A28-F73F-49F4-9DAF-7E12A46D813A}.Release|Any CPU.ActiveCfg = Release|Any CPU
		{EB918A28-F73F-49F4-9DAF-7E12A46D813A}.Release|Any CPU.Build.0 = Release|Any CPU
		{C729957C-0F5A-4597-8350-397A9D228121}.Debug|Any CPU.ActiveCfg = Debug|Any CPU
		{C729957C-0F5A-4597-8350-397A9D228121}.Debug|Any CPU.Build.0 = Debug|Any CPU
		{C729957C-0F5A-4597-8350-397A9D228121}.Release|Any CPU.ActiveCfg = Release|Any CPU
		{C729957C-0F5A-4597-8350-397A9D228121}.Release|Any CPU.Build.0 = Release|Any CPU
		{B580C00C-B033-4441-926E-337830422D1F}.Debug|Any CPU.ActiveCfg = Debug|Any CPU
		{B580C00C-B033-4441-926E-337830422D1F}.Debug|Any CPU.Build.0 = Debug|Any CPU
		{B580C00C-B033-4441-926E-337830422D1F}.Release|Any CPU.ActiveCfg = Release|Any CPU
		{B580C00C-B033-4441-926E-337830422D1F}.Release|Any CPU.Build.0 = Release|Any CPU
		{66C7D798-EFBB-441C-9D5C-8FA8C6824BCA}.Debug|Any CPU.ActiveCfg = Debug|Any CPU
		{66C7D798-EFBB-441C-9D5C-8FA8C6824BCA}.Debug|Any CPU.Build.0 = Debug|Any CPU
		{66C7D798-EFBB-441C-9D5C-8FA8C6824BCA}.Release|Any CPU.ActiveCfg = Release|Any CPU
		{66C7D798-EFBB-441C-9D5C-8FA8C6824BCA}.Release|Any CPU.Build.0 = Release|Any CPU
		{93766B98-58C7-4CAC-957B-064DC1F5C8F8}.Debug|Any CPU.ActiveCfg = Debug|Any CPU
		{93766B98-58C7-4CAC-957B-064DC1F5C8F8}.Debug|Any CPU.Build.0 = Debug|Any CPU
		{93766B98-58C7-4CAC-957B-064DC1F5C8F8}.Release|Any CPU.ActiveCfg = Release|Any CPU
		{93766B98-58C7-4CAC-957B-064DC1F5C8F8}.Release|Any CPU.Build.0 = Release|Any CPU
		{814C5601-FD15-4D80-8B3D-806511B4FAD3}.Debug|Any CPU.ActiveCfg = Debug|Any CPU
		{814C5601-FD15-4D80-8B3D-806511B4FAD3}.Debug|Any CPU.Build.0 = Debug|Any CPU
		{814C5601-FD15-4D80-8B3D-806511B4FAD3}.Release|Any CPU.ActiveCfg = Release|Any CPU
		{814C5601-FD15-4D80-8B3D-806511B4FAD3}.Release|Any CPU.Build.0 = Release|Any CPU
		{9BB141E3-EA6D-4A77-844D-FE1D6854B09A}.Debug|Any CPU.ActiveCfg = Debug|Any CPU
		{9BB141E3-EA6D-4A77-844D-FE1D6854B09A}.Debug|Any CPU.Build.0 = Debug|Any CPU
		{9BB141E3-EA6D-4A77-844D-FE1D6854B09A}.Release|Any CPU.ActiveCfg = Release|Any CPU
		{9BB141E3-EA6D-4A77-844D-FE1D6854B09A}.Release|Any CPU.Build.0 = Release|Any CPU
		{9C3D613B-8C28-45A7-A2BE-AED0DC48A2BB}.Debug|Any CPU.ActiveCfg = Debug|Any CPU
		{9C3D613B-8C28-45A7-A2BE-AED0DC48A2BB}.Debug|Any CPU.Build.0 = Debug|Any CPU
		{9C3D613B-8C28-45A7-A2BE-AED0DC48A2BB}.Release|Any CPU.ActiveCfg = Release|Any CPU
		{9C3D613B-8C28-45A7-A2BE-AED0DC48A2BB}.Release|Any CPU.Build.0 = Release|Any CPU
		{278B8BDB-9380-4FBE-A7F5-18FABEBA7277}.Debug|Any CPU.ActiveCfg = Debug|Any CPU
		{278B8BDB-9380-4FBE-A7F5-18FABEBA7277}.Debug|Any CPU.Build.0 = Debug|Any CPU
		{278B8BDB-9380-4FBE-A7F5-18FABEBA7277}.Release|Any CPU.ActiveCfg = Release|Any CPU
		{278B8BDB-9380-4FBE-A7F5-18FABEBA7277}.Release|Any CPU.Build.0 = Release|Any CPU
		{A62BFEA8-786F-4DDD-8A12-8D826735421F}.Debug|Any CPU.ActiveCfg = Debug|Any CPU
		{A62BFEA8-786F-4DDD-8A12-8D826735421F}.Debug|Any CPU.Build.0 = Debug|Any CPU
		{A62BFEA8-786F-4DDD-8A12-8D826735421F}.Release|Any CPU.ActiveCfg = Release|Any CPU
		{A62BFEA8-786F-4DDD-8A12-8D826735421F}.Release|Any CPU.Build.0 = Release|Any CPU
		{50CC497C-9997-49C5-84C1-C3AA3410E082}.Debug|Any CPU.ActiveCfg = Debug|Any CPU
		{50CC497C-9997-49C5-84C1-C3AA3410E082}.Debug|Any CPU.Build.0 = Debug|Any CPU
		{50CC497C-9997-49C5-84C1-C3AA3410E082}.Release|Any CPU.ActiveCfg = Release|Any CPU
		{50CC497C-9997-49C5-84C1-C3AA3410E082}.Release|Any CPU.Build.0 = Release|Any CPU
		{091358EF-DE52-4B2B-9CE3-BA6488C78B76}.Debug|Any CPU.ActiveCfg = Debug|Any CPU
		{091358EF-DE52-4B2B-9CE3-BA6488C78B76}.Debug|Any CPU.Build.0 = Debug|Any CPU
		{091358EF-DE52-4B2B-9CE3-BA6488C78B76}.Debug|Any CPU.Deploy.0 = Debug|Any CPU
		{091358EF-DE52-4B2B-9CE3-BA6488C78B76}.Release|Any CPU.ActiveCfg = Release|Any CPU
		{091358EF-DE52-4B2B-9CE3-BA6488C78B76}.Release|Any CPU.Build.0 = Release|Any CPU
		{091358EF-DE52-4B2B-9CE3-BA6488C78B76}.Release|Any CPU.Deploy.0 = Release|Any CPU
		{6967DF79-316B-40A7-87FD-F1C561D02775}.Debug|Any CPU.ActiveCfg = Debug|Any CPU
		{6967DF79-316B-40A7-87FD-F1C561D02775}.Debug|Any CPU.Build.0 = Debug|Any CPU
		{6967DF79-316B-40A7-87FD-F1C561D02775}.Release|Any CPU.ActiveCfg = Release|Any CPU
		{6967DF79-316B-40A7-87FD-F1C561D02775}.Release|Any CPU.Build.0 = Release|Any CPU
	EndGlobalSection
	GlobalSection(SolutionProperties) = preSolution
		HideSolutionNode = FALSE
	EndGlobalSection
	GlobalSection(NestedProjects) = preSolution
		{A874B232-2CA1-49C7-AA17-D06D4EAEB7E7} = {5F24F849-3072-45CF-A953-821D0650BE41}
		{E421DE83-A915-48B7-AFB6-D8036970FE1D} = {5F24F849-3072-45CF-A953-821D0650BE41}
		{EB918A28-F73F-49F4-9DAF-7E12A46D813A} = {5F24F849-3072-45CF-A953-821D0650BE41}
		{C729957C-0F5A-4597-8350-397A9D228121} = {5F24F849-3072-45CF-A953-821D0650BE41}
		{B580C00C-B033-4441-926E-337830422D1F} = {5F24F849-3072-45CF-A953-821D0650BE41}
		{66C7D798-EFBB-441C-9D5C-8FA8C6824BCA} = {5F24F849-3072-45CF-A953-821D0650BE41}
		{93766B98-58C7-4CAC-957B-064DC1F5C8F8} = {5F24F849-3072-45CF-A953-821D0650BE41}
		{814C5601-FD15-4D80-8B3D-806511B4FAD3} = {5F24F849-3072-45CF-A953-821D0650BE41}
		{9BB141E3-EA6D-4A77-844D-FE1D6854B09A} = {5F24F849-3072-45CF-A953-821D0650BE41}
		{9C3D613B-8C28-45A7-A2BE-AED0DC48A2BB} = {5F24F849-3072-45CF-A953-821D0650BE41}
		{278B8BDB-9380-4FBE-A7F5-18FABEBA7277} = {5F24F849-3072-45CF-A953-821D0650BE41}
		{A62BFEA8-786F-4DDD-8A12-8D826735421F} = {5F24F849-3072-45CF-A953-821D0650BE41}
		{50CC497C-9997-49C5-84C1-C3AA3410E082} = {5F24F849-3072-45CF-A953-821D0650BE41}
		{091358EF-DE52-4B2B-9CE3-BA6488C78B76} = {5F24F849-3072-45CF-A953-821D0650BE41}
		{6967DF79-316B-40A7-87FD-F1C561D02775} = {5F24F849-3072-45CF-A953-821D0650BE41}
	EndGlobalSection
	GlobalSection(ExtensibilityGlobals) = postSolution
		SolutionGuid = {D9207FBE-2290-4C9C-9525-B845DA8D594E}
	EndGlobalSection
EndGlobal
